
Microsoft Visual Studio Solution File, Format Version 12.00
# Visual Studio Version 17
VisualStudioVersion = 17.8.34309.116
MinimumVisualStudioVersion = 10.0.40219.1
Project("{FAE04EC0-301F-11D3-BF4B-00C04F79EFBC}") = "Contraseña", "Contraseña.csproj", "{EAC86FD9-DE5A-42E8-A4E9-163B614417E7}"
EndProject
Global
	GlobalSection(SolutionConfigurationPlatforms) = preSolution
		Debug|Any CPU = Debug|Any CPU
		Release|Any CPU = Release|Any CPU
	EndGlobalSection
	GlobalSection(ProjectConfigurationPlatforms) = postSolution
		{EAC86FD9-DE5A-42E8-A4E9-163B614417E7}.Debug|Any CPU.ActiveCfg = Debug|Any CPU
		{EAC86FD9-DE5A-42E8-A4E9-163B614417E7}.Debug|Any CPU.Build.0 = Debug|Any CPU
		{EAC86FD9-DE5A-42E8-A4E9-163B614417E7}.Release|Any CPU.ActiveCfg = Release|Any CPU
		{EAC86FD9-DE5A-42E8-A4E9-163B614417E7}.Release|Any CPU.Build.0 = Release|Any CPU
	EndGlobalSection
	GlobalSection(SolutionProperties) = preSolution
		HideSolutionNode = FALSE
	EndGlobalSection
	GlobalSection(ExtensibilityGlobals) = postSolution
		SolutionGuid = {FE5B41E3-6550-493D-A37E-7290A92F2F90}
	EndGlobalSection
EndGlobal
